
Microsoft Visual Studio Solution File, Format Version 12.00
# Visual Studio Version 17
VisualStudioVersion = 17.12.35707.178
MinimumVisualStudioVersion = 10.0.40219.1
Project("{FAE04EC0-301F-11D3-BF4B-00C04F79EFBC}") = "Interface", "IQDTemplete\Interface.csproj", "{7D97E54A-1524-4BB9-826E-EFFC5CF1412A}"
EndProject
Global
	GlobalSection(SolutionConfigurationPlatforms) = preSolution
		Debug|Any CPU = Debug|Any CPU
		Release|Any CPU = Release|Any CPU
	EndGlobalSection
	GlobalSection(ProjectConfigurationPlatforms) = postSolution
		{7D97E54A-1524-4BB9-826E-EFFC5CF1412A}.Debug|Any CPU.ActiveCfg = Debug|Any CPU
		{7D97E54A-1524-4BB9-826E-EFFC5CF1412A}.Debug|Any CPU.Build.0 = Debug|Any CPU
		{7D97E54A-1524-4BB9-826E-EFFC5CF1412A}.Release|Any CPU.ActiveCfg = Release|Any CPU
		{7D97E54A-1524-4BB9-826E-EFFC5CF1412A}.Release|Any CPU.Build.0 = Release|Any CPU
	EndGlobalSection
	GlobalSection(SolutionProperties) = preSolution
		HideSolutionNode = FALSE
	EndGlobalSection
	GlobalSection(ExtensibilityGlobals) = postSolution
		SolutionGuid = {3089D11D-2FE1-42B8-AB5E-3178EE7B6758}
	EndGlobalSection
EndGlobal
